// !$*UTF8*$!
{
	archiveVersion = 1;
	classes = {
	};
	objectVersion = 55;
	objects = {

/* Begin PBXBuildFile section */
		4515CABB272F74CA005EA0EF /* AppDelegate.swift in Sources */ = {isa = PBXBuildFile; fileRef = 4515CABA272F74CA005EA0EF /* AppDelegate.swift */; };
		4515CABD272F74CA005EA0EF /* SceneDelegate.swift in Sources */ = {isa = PBXBuildFile; fileRef = 4515CABC272F74CA005EA0EF /* SceneDelegate.swift */; };
		4515CAC2272F74CA005EA0EF /* Main.storyboard in Resources */ = {isa = PBXBuildFile; fileRef = 4515CAC0272F74CA005EA0EF /* Main.storyboard */; };
		4515CAC4272F74CC005EA0EF /* Assets.xcassets in Resources */ = {isa = PBXBuildFile; fileRef = 4515CAC3272F74CC005EA0EF /* Assets.xcassets */; };
		4515CAC7272F74CC005EA0EF /* LaunchScreen.storyboard in Resources */ = {isa = PBXBuildFile; fileRef = 4515CAC5272F74CC005EA0EF /* LaunchScreen.storyboard */; };
		4515CACF272F750D005EA0EF /* TableViewController.swift in Sources */ = {isa = PBXBuildFile; fileRef = 4515CACE272F750D005EA0EF /* TableViewController.swift */; };
		4515CAD1272F7551005EA0EF /* TableCell.swift in Sources */ = {isa = PBXBuildFile; fileRef = 4515CAD0272F7551005EA0EF /* TableCell.swift */; };
		4515CAD3272F7588005EA0EF /* SummaryView.swift in Sources */ = {isa = PBXBuildFile; fileRef = 4515CAD2272F7588005EA0EF /* SummaryView.swift */; };
		4515CAD5272F75C4005EA0EF /* ProductStore.swift in Sources */ = {isa = PBXBuildFile; fileRef = 4515CAD4272F75C4005EA0EF /* ProductStore.swift */; };
		4515CAD7272F75EC005EA0EF /* Product.swift in Sources */ = {isa = PBXBuildFile; fileRef = 4515CAD6272F75EC005EA0EF /* Product.swift */; };
		E50AE1DE27542C0C00000809 /* Podfile in Resources */ = {isa = PBXBuildFile; fileRef = E50AE1DD27542C0C00000809 /* Podfile */; };
		E50AE1E02754354200000809 /* InitialViewController.swift in Sources */ = {isa = PBXBuildFile; fileRef = E50AE1DF2754354200000809 /* InitialViewController.swift */; };
		E50AE1E22754434A00000809 /* words.csv in Resources */ = {isa = PBXBuildFile; fileRef = E50AE1E12754434A00000809 /* words.csv */; };
		E51DFF852741FDF1001DBA8E /* RecentSearches.swift in Sources */ = {isa = PBXBuildFile; fileRef = E51DFF842741FDF1001DBA8E /* RecentSearches.swift */; };
		E51DFF87274200C5001DBA8E /* TabBarController.swift in Sources */ = {isa = PBXBuildFile; fileRef = E51DFF86274200C5001DBA8E /* TabBarController.swift */; };
		E5A49E6A274C16CF00100DB9 /* ProView.swift in Sources */ = {isa = PBXBuildFile; fileRef = E5A49E69274C16CF00100DB9 /* ProView.swift */; };
		E5A49E6C274C199A00100DB9 /* ConView.swift in Sources */ = {isa = PBXBuildFile; fileRef = E5A49E6B274C199A00100DB9 /* ConView.swift */; };
/* End PBXBuildFile section */

/* Begin PBXFileReference section */
		4515CAB7272F74CA005EA0EF /* ReviewU.app */ = {isa = PBXFileReference; explicitFileType = wrapper.application; includeInIndex = 0; path = ReviewU.app; sourceTree = BUILT_PRODUCTS_DIR; };
		4515CABA272F74CA005EA0EF /* AppDelegate.swift */ = {isa = PBXFileReference; lastKnownFileType = sourcecode.swift; path = AppDelegate.swift; sourceTree = "<group>"; };
		4515CABC272F74CA005EA0EF /* SceneDelegate.swift */ = {isa = PBXFileReference; lastKnownFileType = sourcecode.swift; path = SceneDelegate.swift; sourceTree = "<group>"; };
		4515CAC1272F74CA005EA0EF /* Base */ = {isa = PBXFileReference; lastKnownFileType = file.storyboard; name = Base; path = Base.lproj/Main.storyboard; sourceTree = "<group>"; };
		4515CAC3272F74CC005EA0EF /* Assets.xcassets */ = {isa = PBXFileReference; lastKnownFileType = folder.assetcatalog; path = Assets.xcassets; sourceTree = "<group>"; };
		4515CAC6272F74CC005EA0EF /* Base */ = {isa = PBXFileReference; lastKnownFileType = file.storyboard; name = Base; path = Base.lproj/LaunchScreen.storyboard; sourceTree = "<group>"; };
		4515CAC8272F74CC005EA0EF /* Info.plist */ = {isa = PBXFileReference; lastKnownFileType = text.plist.xml; path = Info.plist; sourceTree = "<group>"; };
		4515CACE272F750D005EA0EF /* TableViewController.swift */ = {isa = PBXFileReference; lastKnownFileType = sourcecode.swift; path = TableViewController.swift; sourceTree = "<group>"; };
		4515CAD0272F7551005EA0EF /* TableCell.swift */ = {isa = PBXFileReference; lastKnownFileType = sourcecode.swift; path = TableCell.swift; sourceTree = "<group>"; };
		4515CAD2272F7588005EA0EF /* SummaryView.swift */ = {isa = PBXFileReference; lastKnownFileType = sourcecode.swift; path = SummaryView.swift; sourceTree = "<group>"; };
		4515CAD4272F75C4005EA0EF /* ProductStore.swift */ = {isa = PBXFileReference; lastKnownFileType = sourcecode.swift; path = ProductStore.swift; sourceTree = "<group>"; };
		4515CAD6272F75EC005EA0EF /* Product.swift */ = {isa = PBXFileReference; lastKnownFileType = sourcecode.swift; path = Product.swift; sourceTree = "<group>"; };
		E50AE1DD27542C0C00000809 /* Podfile */ = {isa = PBXFileReference; fileEncoding = 4; lastKnownFileType = text; path = Podfile; sourceTree = SOURCE_ROOT; };
		E50AE1DF2754354200000809 /* InitialViewController.swift */ = {isa = PBXFileReference; lastKnownFileType = sourcecode.swift; path = InitialViewController.swift; sourceTree = "<group>"; };
		E50AE1E12754434A00000809 /* words.csv */ = {isa = PBXFileReference; fileEncoding = 4; lastKnownFileType = text; path = words.csv; sourceTree = "<group>"; };
		E51DFF842741FDF1001DBA8E /* RecentSearches.swift */ = {isa = PBXFileReference; lastKnownFileType = sourcecode.swift; path = RecentSearches.swift; sourceTree = "<group>"; };
		E51DFF86274200C5001DBA8E /* TabBarController.swift */ = {isa = PBXFileReference; lastKnownFileType = sourcecode.swift; path = TabBarController.swift; sourceTree = "<group>"; };
		E5A49E69274C16CF00100DB9 /* ProView.swift */ = {isa = PBXFileReference; lastKnownFileType = sourcecode.swift; path = ProView.swift; sourceTree = "<group>"; };
		E5A49E6B274C199A00100DB9 /* ConView.swift */ = {isa = PBXFileReference; lastKnownFileType = sourcecode.swift; path = ConView.swift; sourceTree = "<group>"; };
/* End PBXFileReference section */

/* Begin PBXFrameworksBuildPhase section */
		4515CAB4272F74CA005EA0EF /* Frameworks */ = {
			isa = PBXFrameworksBuildPhase;
			buildActionMask = 2147483647;
			files = (
			);
			runOnlyForDeploymentPostprocessing = 0;
		};
/* End PBXFrameworksBuildPhase section */

/* Begin PBXGroup section */
		4515CAAE272F74CA005EA0EF = {
			isa = PBXGroup;
			children = (
				4515CAB9272F74CA005EA0EF /* ReviewU */,
				4515CAB8272F74CA005EA0EF /* Products */,
			);
			sourceTree = "<group>";
		};
		4515CAB8272F74CA005EA0EF /* Products */ = {
			isa = PBXGroup;
			children = (
				4515CAB7272F74CA005EA0EF /* ReviewU.app */,
			);
			name = Products;
			sourceTree = "<group>";
		};
		4515CAB9272F74CA005EA0EF /* ReviewU */ = {
			isa = PBXGroup;
			children = (
				E50AE1DD27542C0C00000809 /* Podfile */,
				4515CAD2272F7588005EA0EF /* SummaryView.swift */,
				4515CAD4272F75C4005EA0EF /* ProductStore.swift */,
				4515CAD6272F75EC005EA0EF /* Product.swift */,
				4515CABA272F74CA005EA0EF /* AppDelegate.swift */,
				4515CABC272F74CA005EA0EF /* SceneDelegate.swift */,
				4515CACE272F750D005EA0EF /* TableViewController.swift */,
				4515CAD0272F7551005EA0EF /* TableCell.swift */,
				E50AE1E12754434A00000809 /* words.csv */,
				4515CAC0272F74CA005EA0EF /* Main.storyboard */,
				4515CAC3272F74CC005EA0EF /* Assets.xcassets */,
				4515CAC5272F74CC005EA0EF /* LaunchScreen.storyboard */,
				4515CAC8272F74CC005EA0EF /* Info.plist */,
				E51DFF842741FDF1001DBA8E /* RecentSearches.swift */,
				E51DFF86274200C5001DBA8E /* TabBarController.swift */,
				E5A49E69274C16CF00100DB9 /* ProView.swift */,
				E5A49E6B274C199A00100DB9 /* ConView.swift */,
				E50AE1DF2754354200000809 /* InitialViewController.swift */,
			);
			path = ReviewU;
			sourceTree = "<group>";
		};
/* End PBXGroup section */

/* Begin PBXNativeTarget section */
		4515CAB6272F74CA005EA0EF /* ReviewU */ = {
			isa = PBXNativeTarget;
			buildConfigurationList = 4515CACB272F74CC005EA0EF /* Build configuration list for PBXNativeTarget "ReviewU" */;
			buildPhases = (
				4515CAB3272F74CA005EA0EF /* Sources */,
				4515CAB4272F74CA005EA0EF /* Frameworks */,
				4515CAB5272F74CA005EA0EF /* Resources */,
			);
			buildRules = (
			);
			dependencies = (
			);
			name = ReviewU;
			productName = ReviewU;
			productReference = 4515CAB7272F74CA005EA0EF /* ReviewU.app */;
			productType = "com.apple.product-type.application";
		};
/* End PBXNativeTarget section */

/* Begin PBXProject section */
		4515CAAF272F74CA005EA0EF /* Project object */ = {
			isa = PBXProject;
			attributes = {
				BuildIndependentTargetsInParallel = 1;
				LastSwiftUpdateCheck = 1300;
				LastUpgradeCheck = 1300;
				TargetAttributes = {
					4515CAB6272F74CA005EA0EF = {
						CreatedOnToolsVersion = 13.0;
					};
				};
			};
			buildConfigurationList = 4515CAB2272F74CA005EA0EF /* Build configuration list for PBXProject "ReviewU" */;
			compatibilityVersion = "Xcode 13.0";
			developmentRegion = en;
			hasScannedForEncodings = 0;
			knownRegions = (
				en,
				Base,
			);
			mainGroup = 4515CAAE272F74CA005EA0EF;
			productRefGroup = 4515CAB8272F74CA005EA0EF /* Products */;
			projectDirPath = "";
			projectRoot = "";
			targets = (
				4515CAB6272F74CA005EA0EF /* ReviewU */,
			);
		};
/* End PBXProject section */

/* Begin PBXResourcesBuildPhase section */
		4515CAB5272F74CA005EA0EF /* Resources */ = {
			isa = PBXResourcesBuildPhase;
			buildActionMask = 2147483647;
			files = (
				4515CAC7272F74CC005EA0EF /* LaunchScreen.storyboard in Resources */,
				4515CAC4272F74CC005EA0EF /* Assets.xcassets in Resources */,
				E50AE1DE27542C0C00000809 /* Podfile in Resources */,
				4515CAC2272F74CA005EA0EF /* Main.storyboard in Resources */,
				E50AE1E22754434A00000809 /* words.csv in Resources */,
			);
			runOnlyForDeploymentPostprocessing = 0;
		};
/* End PBXResourcesBuildPhase section */

/* Begin PBXSourcesBuildPhase section */
		4515CAB3272F74CA005EA0EF /* Sources */ = {
			isa = PBXSourcesBuildPhase;
			buildActionMask = 2147483647;
			files = (
				E50AE1E02754354200000809 /* InitialViewController.swift in Sources */,
				4515CAD1272F7551005EA0EF /* TableCell.swift in Sources */,
				E5A49E6C274C199A00100DB9 /* ConView.swift in Sources */,
				4515CAD7272F75EC005EA0EF /* Product.swift in Sources */,
				E5A49E6A274C16CF00100DB9 /* ProView.swift in Sources */,
				4515CABB272F74CA005EA0EF /* AppDelegate.swift in Sources */,
				E51DFF87274200C5001DBA8E /* TabBarController.swift in Sources */,
				4515CABD272F74CA005EA0EF /* SceneDelegate.swift in Sources */,
				4515CAD3272F7588005EA0EF /* SummaryView.swift in Sources */,
				4515CACF272F750D005EA0EF /* TableViewController.swift in Sources */,
				E51DFF852741FDF1001DBA8E /* RecentSearches.swift in Sources */,
				4515CAD5272F75C4005EA0EF /* ProductStore.swift in Sources */,
			);
			runOnlyForDeploymentPostprocessing = 0;
		};
/* End PBXSourcesBuildPhase section */

/* Begin PBXVariantGroup section */
		4515CAC0272F74CA005EA0EF /* Main.storyboard */ = {
			isa = PBXVariantGroup;
			children = (
				4515CAC1272F74CA005EA0EF /* Base */,
			);
			name = Main.storyboard;
			sourceTree = "<group>";
		};
		4515CAC5272F74CC005EA0EF /* LaunchScreen.storyboard */ = {
			isa = PBXVariantGroup;
			children = (
				4515CAC6272F74CC005EA0EF /* Base */,
			);
			name = LaunchScreen.storyboard;
			sourceTree = "<group>";
		};
/* End PBXVariantGroup section */

/* Begin XCBuildConfiguration section */
		4515CAC9272F74CC005EA0EF /* Debug */ = {
			isa = XCBuildConfiguration;
			buildSettings = {
				ALWAYS_SEARCH_USER_PATHS = NO;
				CLANG_ANALYZER_NONNULL = YES;
				CLANG_ANALYZER_NUMBER_OBJECT_CONVERSION = YES_AGGRESSIVE;
				CLANG_CXX_LANGUAGE_STANDARD = "gnu++17";
				CLANG_CXX_LIBRARY = "libc++";
				CLANG_ENABLE_MODULES = YES;
				CLANG_ENABLE_OBJC_ARC = YES;
				CLANG_ENABLE_OBJC_WEAK = YES;
				CLANG_WARN_BLOCK_CAPTURE_AUTORELEASING = YES;
				CLANG_WARN_BOOL_CONVERSION = YES;
				CLANG_WARN_COMMA = YES;
				CLANG_WARN_CONSTANT_CONVERSION = YES;
				CLANG_WARN_DEPRECATED_OBJC_IMPLEMENTATIONS = YES;
				CLANG_WARN_DIRECT_OBJC_ISA_USAGE = YES_ERROR;
				CLANG_WARN_DOCUMENTATION_COMMENTS = YES;
				CLANG_WARN_EMPTY_BODY = YES;
				CLANG_WARN_ENUM_CONVERSION = YES;
				CLANG_WARN_INFINITE_RECURSION = YES;
				CLANG_WARN_INT_CONVERSION = YES;
				CLANG_WARN_NON_LITERAL_NULL_CONVERSION = YES;
				CLANG_WARN_OBJC_IMPLICIT_RETAIN_SELF = YES;
				CLANG_WARN_OBJC_LITERAL_CONVERSION = YES;
				CLANG_WARN_OBJC_ROOT_CLASS = YES_ERROR;
				CLANG_WARN_QUOTED_INCLUDE_IN_FRAMEWORK_HEADER = YES;
				CLANG_WARN_RANGE_LOOP_ANALYSIS = YES;
				CLANG_WARN_STRICT_PROTOTYPES = YES;
				CLANG_WARN_SUSPICIOUS_MOVE = YES;
				CLANG_WARN_UNGUARDED_AVAILABILITY = YES_AGGRESSIVE;
				CLANG_WARN_UNREACHABLE_CODE = YES;
				CLANG_WARN__DUPLICATE_METHOD_MATCH = YES;
				COPY_PHASE_STRIP = NO;
				DEBUG_INFORMATION_FORMAT = dwarf;
				ENABLE_STRICT_OBJC_MSGSEND = YES;
				ENABLE_TESTABILITY = YES;
				GCC_C_LANGUAGE_STANDARD = gnu11;
				GCC_DYNAMIC_NO_PIC = NO;
				GCC_NO_COMMON_BLOCKS = YES;
				GCC_OPTIMIZATION_LEVEL = 0;
				GCC_PREPROCESSOR_DEFINITIONS = (
					"DEBUG=1",
					"$(inherited)",
				);
				GCC_WARN_64_TO_32_BIT_CONVERSION = YES;
				GCC_WARN_ABOUT_RETURN_TYPE = YES_ERROR;
				GCC_WARN_UNDECLARED_SELECTOR = YES;
				GCC_WARN_UNINITIALIZED_AUTOS = YES_AGGRESSIVE;
				GCC_WARN_UNUSED_FUNCTION = YES;
				GCC_WARN_UNUSED_VARIABLE = YES;
				IPHONEOS_DEPLOYMENT_TARGET = 15.0;
				MTL_ENABLE_DEBUG_INFO = INCLUDE_SOURCE;
				MTL_FAST_MATH = YES;
				ONLY_ACTIVE_ARCH = YES;
				SDKROOT = iphoneos;
				SWIFT_ACTIVE_COMPILATION_CONDITIONS = DEBUG;
				SWIFT_OPTIMIZATION_LEVEL = "-Onone";
			};
			name = Debug;
		};
		4515CACA272F74CC005EA0EF /* Release */ = {
			isa = XCBuildConfiguration;
			buildSettings = {
				ALWAYS_SEARCH_USER_PATHS = NO;
				CLANG_ANALYZER_NONNULL = YES;
				CLANG_ANALYZER_NUMBER_OBJECT_CONVERSION = YES_AGGRESSIVE;
				CLANG_CXX_LANGUAGE_STANDARD = "gnu++17";
				CLANG_CXX_LIBRARY = "libc++";
				CLANG_ENABLE_MODULES = YES;
				CLANG_ENABLE_OBJC_ARC = YES;
				CLANG_ENABLE_OBJC_WEAK = YES;
				CLANG_WARN_BLOCK_CAPTURE_AUTORELEASING = YES;
				CLANG_WARN_BOOL_CONVERSION = YES;
				CLANG_WARN_COMMA = YES;
				CLANG_WARN_CONSTANT_CONVERSION = YES;
				CLANG_WARN_DEPRECATED_OBJC_IMPLEMENTATIONS = YES;
				CLANG_WARN_DIRECT_OBJC_ISA_USAGE = YES_ERROR;
				CLANG_WARN_DOCUMENTATION_COMMENTS = YES;
				CLANG_WARN_EMPTY_BODY = YES;
				CLANG_WARN_ENUM_CONVERSION = YES;
				CLANG_WARN_INFINITE_RECURSION = YES;
				CLANG_WARN_INT_CONVERSION = YES;
				CLANG_WARN_NON_LITERAL_NULL_CONVERSION = YES;
				CLANG_WARN_OBJC_IMPLICIT_RETAIN_SELF = YES;
				CLANG_WARN_OBJC_LITERAL_CONVERSION = YES;
				CLANG_WARN_OBJC_ROOT_CLASS = YES_ERROR;
				CLANG_WARN_QUOTED_INCLUDE_IN_FRAMEWORK_HEADER = YES;
				CLANG_WARN_RANGE_LOOP_ANALYSIS = YES;
				CLANG_WARN_STRICT_PROTOTYPES = YES;
				CLANG_WARN_SUSPICIOUS_MOVE = YES;
				CLANG_WARN_UNGUARDED_AVAILABILITY = YES_AGGRESSIVE;
				CLANG_WARN_UNREACHABLE_CODE = YES;
				CLANG_WARN__DUPLICATE_METHOD_MATCH = YES;
				COPY_PHASE_STRIP = NO;
				DEBUG_INFORMATION_FORMAT = "dwarf-with-dsym";
				ENABLE_NS_ASSERTIONS = NO;
				ENABLE_STRICT_OBJC_MSGSEND = YES;
				GCC_C_LANGUAGE_STANDARD = gnu11;
				GCC_NO_COMMON_BLOCKS = YES;
				GCC_WARN_64_TO_32_BIT_CONVERSION = YES;
				GCC_WARN_ABOUT_RETURN_TYPE = YES_ERROR;
				GCC_WARN_UNDECLARED_SELECTOR = YES;
				GCC_WARN_UNINITIALIZED_AUTOS = YES_AGGRESSIVE;
				GCC_WARN_UNUSED_FUNCTION = YES;
				GCC_WARN_UNUSED_VARIABLE = YES;
				IPHONEOS_DEPLOYMENT_TARGET = 15.0;
				MTL_ENABLE_DEBUG_INFO = NO;
				MTL_FAST_MATH = YES;
				SDKROOT = iphoneos;
				SWIFT_COMPILATION_MODE = wholemodule;
				SWIFT_OPTIMIZATION_LEVEL = "-O";
				VALIDATE_PRODUCT = YES;
			};
			name = Release;
		};
		4515CACC272F74CC005EA0EF /* Debug */ = {
			isa = XCBuildConfiguration;
			buildSettings = {
				ASSETCATALOG_COMPILER_APPICON_NAME = AppIcon;
				ASSETCATALOG_COMPILER_GLOBAL_ACCENT_COLOR_NAME = AccentColor;
				CODE_SIGN_STYLE = Automatic;
				CURRENT_PROJECT_VERSION = 1;
				DEVELOPMENT_TEAM = BFY66U9548;
				GENERATE_INFOPLIST_FILE = YES;
				INFOPLIST_FILE = ReviewU/Info.plist;
				INFOPLIST_KEY_UIApplicationSupportsIndirectInputEvents = YES;
				INFOPLIST_KEY_UILaunchStoryboardName = LaunchScreen;
				INFOPLIST_KEY_UIMainStoryboardFile = Main;
				INFOPLIST_KEY_UISupportedInterfaceOrientations_iPad = "UIInterfaceOrientationPortrait UIInterfaceOrientationPortraitUpsideDown UIInterfaceOrientationLandscapeLeft UIInterfaceOrientationLandscapeRight";
				INFOPLIST_KEY_UISupportedInterfaceOrientations_iPhone = "UIInterfaceOrientationPortrait UIInterfaceOrientationLandscapeLeft UIInterfaceOrientationLandscapeRight";
				LD_RUNPATH_SEARCH_PATHS = (
					"$(inherited)",
					"@executable_path/Frameworks",
				);
				MARKETING_VERSION = 1.0;
				PRODUCT_BUNDLE_IDENTIFIER = edu.umich.ryantoth.ReviewU;
				PRODUCT_NAME = "$(TARGET_NAME)";
				SWIFT_EMIT_LOC_STRINGS = YES;
				SWIFT_VERSION = 5.0;
				TARGETED_DEVICE_FAMILY = "1,2";
			};
			name = Debug;
		};
		4515CACD272F74CC005EA0EF /* Release */ = {
			isa = XCBuildConfiguration;
			buildSettings = {
				ASSETCATALOG_COMPILER_APPICON_NAME = AppIcon;
				ASSETCATALOG_COMPILER_GLOBAL_ACCENT_COLOR_NAME = AccentColor;
				CODE_SIGN_STYLE = Automatic;
				CURRENT_PROJECT_VERSION = 1;
				DEVELOPMENT_TEAM = BFY66U9548;
				GENERATE_INFOPLIST_FILE = YES;
				INFOPLIST_FILE = ReviewU/Info.plist;
				INFOPLIST_KEY_UIApplicationSupportsIndirectInputEvents = YES;
				INFOPLIST_KEY_UILaunchStoryboardName = LaunchScreen;
				INFOPLIST_KEY_UIMainStoryboardFile = Main;
				INFOPLIST_KEY_UISupportedInterfaceOrientations_iPad = "UIInterfaceOrientationPortrait UIInterfaceOrientationPortraitUpsideDown UIInterfaceOrientationLandscapeLeft UIInterfaceOrientationLandscapeRight";
				INFOPLIST_KEY_UISupportedInterfaceOrientations_iPhone = "UIInterfaceOrientationPortrait UIInterfaceOrientationLandscapeLeft UIInterfaceOrientationLandscapeRight";
				LD_RUNPATH_SEARCH_PATHS = (
					"$(inherited)",
					"@executable_path/Frameworks",
				);
				MARKETING_VERSION = 1.0;
				PRODUCT_BUNDLE_IDENTIFIER = edu.umich.ryantoth.ReviewU;
				PRODUCT_NAME = "$(TARGET_NAME)";
				SWIFT_EMIT_LOC_STRINGS = YES;
				SWIFT_VERSION = 5.0;
				TARGETED_DEVICE_FAMILY = "1,2";
			};
			name = Release;
		};
/* End XCBuildConfiguration section */

/* Begin XCConfigurationList section */
		4515CAB2272F74CA005EA0EF /* Build configuration list for PBXProject "ReviewU" */ = {
			isa = XCConfigurationList;
			buildConfigurations = (
				4515CAC9272F74CC005EA0EF /* Debug */,
				4515CACA272F74CC005EA0EF /* Release */,
			);
			defaultConfigurationIsVisible = 0;
			defaultConfigurationName = Release;
		};
		4515CACB272F74CC005EA0EF /* Build configuration list for PBXNativeTarget "ReviewU" */ = {
			isa = XCConfigurationList;
			buildConfigurations = (
				4515CACC272F74CC005EA0EF /* Debug */,
				4515CACD272F74CC005EA0EF /* Release */,
			);
			defaultConfigurationIsVisible = 0;
			defaultConfigurationName = Release;
		};
/* End XCConfigurationList section */
	};
	rootObject = 4515CAAF272F74CA005EA0EF /* Project object */;
}
